
Microsoft Visual Studio Solution File, Format Version 12.00
# Visual Studio Version 17
VisualStudioVersion = 17.7.33711.374
MinimumVisualStudioVersion = 10.0.40219.1
Project("{FAE04EC0-301F-11D3-BF4B-00C04F79EFBC}") = "Wordler.Console", "Wordler.Console\Wordler.Console.csproj", "{9B1BE679-3C39-409C-9578-9EC16CA4D784}"
EndProject
Global
	GlobalSection(SolutionConfigurationPlatforms) = preSolution
		Debug|Any CPU = Debug|Any CPU
		Release|Any CPU = Release|Any CPU
	EndGlobalSection
	GlobalSection(ProjectConfigurationPlatforms) = postSolution
		{9B1BE679-3C39-409C-9578-9EC16CA4D784}.Debug|Any CPU.ActiveCfg = Debug|Any CPU
		{9B1BE679-3C39-409C-9578-9EC16CA4D784}.Debug|Any CPU.Build.0 = Debug|Any CPU
		{9B1BE679-3C39-409C-9578-9EC16CA4D784}.Release|Any CPU.ActiveCfg = Release|Any CPU
		{9B1BE679-3C39-409C-9578-9EC16CA4D784}.Release|Any CPU.Build.0 = Release|Any CPU
	EndGlobalSection
	GlobalSection(SolutionProperties) = preSolution
		HideSolutionNode = FALSE
	EndGlobalSection
	GlobalSection(ExtensibilityGlobals) = postSolution
		SolutionGuid = {2FD6F341-E45D-411A-AC98-0EE996540409}
	EndGlobalSection
EndGlobal
